{"1.1.0",
[{<<"datum">>,{pkg,<<"datum">>,<<"4.3.0">>},0},
 {<<"feta">>,
  {git,"https://github.com/fogfish/feta",
       {ref,"13a4e7d7b1aa7d857ecc218077afac785346aff9"}},
  1},
 {<<"goldrush">>,{pkg,<<"goldrush">>,<<"0.1.9">>},1},
 {<<"htcodec">>,
  {git,"https://github.com/kfsm/htcodec",
       {ref,"e3cd6f34869a1eee76677dfd16b04aace4dfd1b0"}},
  1},
 {<<"htstream">>,
  {git,"https://github.com/kfsm/htstream",
       {ref,"a6f07398ea15775a16b77e584d799e8baab76843"}},
  1},
 {<<"jsx">>,{pkg,<<"jsx">>,<<"2.9.0">>},0},
 {<<"knet">>,
  {git,"https://github.com/kfsm/knet",
       {ref,"51c14ab4b400dde2f1e87a7fb56ab7c09721be6d"}},
  0},
 {<<"lager">>,{pkg,<<"lager">>,<<"3.6.1">>},0},
 {<<"meck">>,{pkg,<<"meck">>,<<"0.8.9">>},1},
 {<<"pipe">>,
  {git,"https://github.com/kfsm/pipe",
       {ref,"0e65b48bdedd1735f5cec07dc58e3f695a788bc3"}},
  0},
 {<<"pipes">>,{pkg,<<"pipes">>,<<"1.7.0">>},0},
 {<<"pns">>,
  {git,"https://github.com/fogfish/pns",
       {ref,"92bfcf925064227dad32568ec84172e9321ca761"}},
  0},
 {<<"restd">>,
  {git,"https://github.com/kfsm/restd",
       {ref,"9280567fc7507fb98d8a3c47137d26b2677f018b"}},
  0}]}.
[
{pkg_hash,[
 {<<"datum">>, <<"64DA2F7DEA1D87E5B449974FFE90C4D49FC1B961489551BEC373192ACD6F9EE2">>},
 {<<"goldrush">>, <<"F06E5D5F1277DA5C413E84D5A2924174182FB108DABB39D5EC548B27424CD106">>},
 {<<"jsx">>, <<"D2F6E5F069C00266CAD52FB15D87C428579EA4D7D73A33669E12679E203329DD">>},
 {<<"lager">>, <<"9D29C5FF7F926D25ECD9899990867C9152DCF34EEE65BAC8EC0DFC0D16A26E0C">>},
 {<<"meck">>, <<"64C5C0BD8BCCA3A180B44196265C8ED7594E16BCC845D0698EC6B4E577F48188">>},
 {<<"pipes">>, <<"30648602EEBA882C566277593BC72EC503854A103A52880AB5C4C5039DFA27C3">>}]}
].
